
Microsoft Visual Studio Solution File, Format Version 12.00
# Visual Studio Express 2012 for Web
Project("{FAE04EC0-301F-11D3-BF4B-00C04F79EFBC}") = "mesqr", "mesqr\mesqr.csproj", "{CAC13CCC-D768-4FE0-8C6F-2277C9276D84}"
EndProject
Global
	GlobalSection(SolutionConfigurationPlatforms) = preSolution
		Debug|Any CPU = Debug|Any CPU
		Release|Any CPU = Release|Any CPU
	EndGlobalSection
	GlobalSection(ProjectConfigurationPlatforms) = postSolution
		{CAC13CCC-D768-4FE0-8C6F-2277C9276D84}.Debug|Any CPU.ActiveCfg = Debug|Any CPU
		{CAC13CCC-D768-4FE0-8C6F-2277C9276D84}.Debug|Any CPU.Build.0 = Debug|Any CPU
		{CAC13CCC-D768-4FE0-8C6F-2277C9276D84}.Release|Any CPU.ActiveCfg = Release|Any CPU
		{CAC13CCC-D768-4FE0-8C6F-2277C9276D84}.Release|Any CPU.Build.0 = Release|Any CPU
	EndGlobalSection
	GlobalSection(SolutionProperties) = preSolution
		HideSolutionNode = FALSE
	EndGlobalSection
EndGlobal
